
Microsoft Visual Studio Solution File, Format Version 12.00
# Visual Studio 15
VisualStudioVersion = 15.0.27703.2018
MinimumVisualStudioVersion = 10.0.40219.1
Project("{9A19103F-16F7-4668-BE54-9A1E7A4F7556}") = "login_screen", "login_screen\login_screen.csproj", "{43328553-9FCE-4888-8A0A-CA2AC427DBAE}"
EndProject
Global
	GlobalSection(SolutionConfigurationPlatforms) = preSolution
		_LINUX_|Any CPU = _LINUX_|Any CPU
		_LINUX_|x64 = _LINUX_|x64
		_LINUX_|x86 = _LINUX_|x86
		_OSX_|Any CPU = _OSX_|Any CPU
		_OSX_|x64 = _OSX_|x64
		_OSX_|x86 = _OSX_|x86
		_WINDOWS_|Any CPU = _WINDOWS_|Any CPU
		_WINDOWS_|x64 = _WINDOWS_|x64
		_WINDOWS_|x86 = _WINDOWS_|x86
		Debug|Any CPU = Debug|Any CPU
		Debug|x64 = Debug|x64
		Debug|x86 = Debug|x86
		Release|Any CPU = Release|Any CPU
		Release|x64 = Release|x64
		Release|x86 = Release|x86
	EndGlobalSection
	GlobalSection(ProjectConfigurationPlatforms) = postSolution
		{43328553-9FCE-4888-8A0A-CA2AC427DBAE}._LINUX_|Any CPU.ActiveCfg = _LINUX_|Any CPU
		{43328553-9FCE-4888-8A0A-CA2AC427DBAE}._LINUX_|Any CPU.Build.0 = _LINUX_|Any CPU
		{43328553-9FCE-4888-8A0A-CA2AC427DBAE}._LINUX_|x64.ActiveCfg = _LINUX_|Any CPU
		{43328553-9FCE-4888-8A0A-CA2AC427DBAE}._LINUX_|x64.Build.0 = _LINUX_|Any CPU
		{43328553-9FCE-4888-8A0A-CA2AC427DBAE}._LINUX_|x86.ActiveCfg = _LINUX_|Any CPU
		{43328553-9FCE-4888-8A0A-CA2AC427DBAE}._LINUX_|x86.Build.0 = _LINUX_|Any CPU
		{43328553-9FCE-4888-8A0A-CA2AC427DBAE}._OSX_|Any CPU.ActiveCfg = _OSX_|Any CPU
		{43328553-9FCE-4888-8A0A-CA2AC427DBAE}._OSX_|Any CPU.Build.0 = _OSX_|Any CPU
		{43328553-9FCE-4888-8A0A-CA2AC427DBAE}._OSX_|x64.ActiveCfg = _OSX_|Any CPU
		{43328553-9FCE-4888-8A0A-CA2AC427DBAE}._OSX_|x64.Build.0 = _OSX_|Any CPU
		{43328553-9FCE-4888-8A0A-CA2AC427DBAE}._OSX_|x86.ActiveCfg = _OSX_|Any CPU
		{43328553-9FCE-4888-8A0A-CA2AC427DBAE}._OSX_|x86.Build.0 = _OSX_|Any CPU
		{43328553-9FCE-4888-8A0A-CA2AC427DBAE}._WINDOWS_|Any CPU.ActiveCfg = _WINDOWS_|Any CPU
		{43328553-9FCE-4888-8A0A-CA2AC427DBAE}._WINDOWS_|Any CPU.Build.0 = _WINDOWS_|Any CPU
		{43328553-9FCE-4888-8A0A-CA2AC427DBAE}._WINDOWS_|x64.ActiveCfg = _WINDOWS_|Any CPU
		{43328553-9FCE-4888-8A0A-CA2AC427DBAE}._WINDOWS_|x64.Build.0 = _WINDOWS_|Any CPU
		{43328553-9FCE-4888-8A0A-CA2AC427DBAE}._WINDOWS_|x86.ActiveCfg = _WINDOWS_|Any CPU
		{43328553-9FCE-4888-8A0A-CA2AC427DBAE}._WINDOWS_|x86.Build.0 = _WINDOWS_|Any CPU
		{43328553-9FCE-4888-8A0A-CA2AC427DBAE}.Debug|Any CPU.ActiveCfg = Release|Any CPU
		{43328553-9FCE-4888-8A0A-CA2AC427DBAE}.Debug|Any CPU.Build.0 = Release|Any CPU
		{43328553-9FCE-4888-8A0A-CA2AC427DBAE}.Debug|x64.ActiveCfg = Release|Any CPU
		{43328553-9FCE-4888-8A0A-CA2AC427DBAE}.Debug|x64.Build.0 = Release|Any CPU
		{43328553-9FCE-4888-8A0A-CA2AC427DBAE}.Debug|x86.ActiveCfg = Release|Any CPU
		{43328553-9FCE-4888-8A0A-CA2AC427DBAE}.Debug|x86.Build.0 = Release|Any CPU
		{43328553-9FCE-4888-8A0A-CA2AC427DBAE}.Release|Any CPU.ActiveCfg = Release|Any CPU
		{43328553-9FCE-4888-8A0A-CA2AC427DBAE}.Release|Any CPU.Build.0 = Release|Any CPU
		{43328553-9FCE-4888-8A0A-CA2AC427DBAE}.Release|x64.ActiveCfg = Release|Any CPU
		{43328553-9FCE-4888-8A0A-CA2AC427DBAE}.Release|x64.Build.0 = Release|Any CPU
		{43328553-9FCE-4888-8A0A-CA2AC427DBAE}.Release|x86.ActiveCfg = Release|Any CPU
		{43328553-9FCE-4888-8A0A-CA2AC427DBAE}.Release|x86.Build.0 = Release|Any CPU
	EndGlobalSection
	GlobalSection(SolutionProperties) = preSolution
		HideSolutionNode = FALSE
	EndGlobalSection
	GlobalSection(ExtensibilityGlobals) = postSolution
		SolutionGuid = {C62E6B05-C0A8-469F-A4B3-429456443E38}
	EndGlobalSection
EndGlobal
