
Microsoft Visual Studio Solution File, Format Version 11.00
# Visual Studio 2010
Project("{FAE04EC0-301F-11D3-BF4B-00C04F79EFBC}") = "tguinet", "tguinet.csproj", "{AF15523D-0238-4576-967C-F6A3D9B80E66}"
EndProject
Global
	GlobalSection(SolutionConfigurationPlatforms) = preSolution
		Debug|Any CPU = Debug|Any CPU
		Release|Any CPU = Release|Any CPU
	EndGlobalSection
	GlobalSection(ProjectConfigurationPlatforms) = postSolution
		{AF15523D-0238-4576-967C-F6A3D9B80E66}.Debug|Any CPU.ActiveCfg = Debug|Any CPU
		{AF15523D-0238-4576-967C-F6A3D9B80E66}.Debug|Any CPU.Build.0 = Debug|Any CPU
		{AF15523D-0238-4576-967C-F6A3D9B80E66}.Release|Any CPU.ActiveCfg = Release|Any CPU
		{AF15523D-0238-4576-967C-F6A3D9B80E66}.Release|Any CPU.Build.0 = Release|Any CPU
	EndGlobalSection
	GlobalSection(MonoDevelopProperties) = preSolution
		StartupItem = tguinet.csproj
	EndGlobalSection
EndGlobal
